
Microsoft Visual Studio Solution File, Format Version 12.00
Project("{FAE04EC0-301F-11D3-BF4B-00C04F79EFBC}") = "LambdaChaosInjection", "LambdaChaosInjection\LambdaChaosInjection.csproj", "{E5D93BC5-2B27-4CC2-80A9-AC4275FC43A9}"
EndProject
Project("{FAE04EC0-301F-11D3-BF4B-00C04F79EFBC}") = "LambdaChaosInjection.Tests", "Test\HelloWorld.Test\LambdaChaosInjection.Tests.csproj", "{3A579596-2DA9-46BF-88D7-7E71F72BC45F}"
EndProject
Project("{FAE04EC0-301F-11D3-BF4B-00C04F79EFBC}") = "HelloWorld", "Samples\HelloWorld\HelloWorld.csproj", "{C7168A66-50EB-4640-A8CE-7C265EC41A0C}"
EndProject
Project("{2150E333-8FDC-42A3-9474-1A3956D46DE8}") = "Solution Items", "Solution Items", "{E50445FD-9867-4DC4-81DE-A98CB3C9A442}"
ProjectSection(SolutionItems) = preProject
	omnisharp.json = omnisharp.json
	template.yaml = template.yaml
	README.md = README.md
	.gitignore = .gitignore
EndProjectSection
EndProject

Global
	GlobalSection(SolutionConfigurationPlatforms) = preSolution
		Debug|Any CPU = Debug|Any CPU
		Release|Any CPU = Release|Any CPU
	EndGlobalSection
	GlobalSection(ProjectConfigurationPlatforms) = postSolution
		{C7168A66-50EB-4640-A8CE-7C265EC41A0C}.Debug|Any CPU.ActiveCfg = Debug|Any CPU
		{C7168A66-50EB-4640-A8CE-7C265EC41A0C}.Debug|Any CPU.Build.0 = Debug|Any CPU
		{C7168A66-50EB-4640-A8CE-7C265EC41A0C}.Release|Any CPU.ActiveCfg = Release|Any CPU
		{C7168A66-50EB-4640-A8CE-7C265EC41A0C}.Release|Any CPU.Build.0 = Release|Any CPU
		{3A579596-2DA9-46BF-88D7-7E71F72BC45F}.Debug|Any CPU.ActiveCfg = Debug|Any CPU
		{3A579596-2DA9-46BF-88D7-7E71F72BC45F}.Debug|Any CPU.Build.0 = Debug|Any CPU
		{3A579596-2DA9-46BF-88D7-7E71F72BC45F}.Release|Any CPU.ActiveCfg = Release|Any CPU
		{3A579596-2DA9-46BF-88D7-7E71F72BC45F}.Release|Any CPU.Build.0 = Release|Any CPU
		{E5D93BC5-2B27-4CC2-80A9-AC4275FC43A9}.Debug|Any CPU.ActiveCfg = Debug|Any CPU
		{E5D93BC5-2B27-4CC2-80A9-AC4275FC43A9}.Debug|Any CPU.Build.0 = Debug|Any CPU
		{E5D93BC5-2B27-4CC2-80A9-AC4275FC43A9}.Release|Any CPU.ActiveCfg = Release|Any CPU
		{E5D93BC5-2B27-4CC2-80A9-AC4275FC43A9}.Release|Any CPU.Build.0 = Release|Any CPU
	EndGlobalSection
EndGlobal
